{
  "requires": true,
  "lockfileVersion": 1,
  "dependencies": {
    "hes-gallery": {
      "version": "1.4.11",
      "resolved": "https://registry.npmjs.org/hes-gallery/-/hes-gallery-1.4.11.tgz",
      "integrity": "sha512-rW62Xz5S31p6FrmwwurPkgK59qtvFsKJu1eSW9z9sseA0+a3Tb8tJBiFth3OavCqrYP0UrXVkSxMXmaGGjt1FA=="
    }
  }
}
